
Microsoft Visual Studio Solution File, Format Version 12.00
# Visual Studio Version 17
VisualStudioVersion = 17.12.35707.178
MinimumVisualStudioVersion = 10.0.40219.1
Project("{9A19103F-16F7-4668-BE54-9A1E7A4F7556}") = "Systems.Sanity.Focus", "Focus\Systems.Sanity.Focus.csproj", "{AD73D136-7C0F-4410-9147-405C083F4726}"
EndProject
Project("{FAE04EC0-301F-11D3-BF4B-00C04F79EFBC}") = "Systems.Sanity.Focus.Infrastructure", "Systems.Sanity.Focus.Inrastructure\Systems.Sanity.Focus.Infrastructure.csproj", "{7053A559-FCEA-4B0F-850A-F549D7B5D857}"
EndProject
Project("{FAE04EC0-301F-11D3-BF4B-00C04F79EFBC}") = "Systems.Sanity.Focus.Tests", "Systems.Sanity.Focus.Tests\Systems.Sanity.Focus.Tests.csproj", "{4D971BA3-F0BB-478B-B8D4-05A3E79010D1}"
EndProject
Project("{2150E333-8FDC-42A3-9474-1A3956D46DE8}") = "Focus", "Focus", "{13ECBE60-5E14-3356-7F65-C105E749B02F}"
EndProject
Project("{FAE04EC0-301F-11D3-BF4B-00C04F79EFBC}") = "Systems.Sanity.Focus.E2E.Tests", "Systems.Sanity.Focus.E2E.Tests\Systems.Sanity.Focus.E2E.Tests.csproj", "{37074D4B-9DC3-484C-8747-460EE53A9D6F}"
EndProject
Global
	GlobalSection(SolutionConfigurationPlatforms) = preSolution
		Debug|Any CPU = Debug|Any CPU
		Debug|x64 = Debug|x64
		Debug|x86 = Debug|x86
		Release|Any CPU = Release|Any CPU
		Release|x64 = Release|x64
		Release|x86 = Release|x86
	EndGlobalSection
	GlobalSection(ProjectConfigurationPlatforms) = postSolution
		{AD73D136-7C0F-4410-9147-405C083F4726}.Debug|Any CPU.ActiveCfg = Debug|Any CPU
		{AD73D136-7C0F-4410-9147-405C083F4726}.Debug|Any CPU.Build.0 = Debug|Any CPU
		{AD73D136-7C0F-4410-9147-405C083F4726}.Debug|x64.ActiveCfg = Debug|Any CPU
		{AD73D136-7C0F-4410-9147-405C083F4726}.Debug|x64.Build.0 = Debug|Any CPU
		{AD73D136-7C0F-4410-9147-405C083F4726}.Debug|x86.ActiveCfg = Debug|Any CPU
		{AD73D136-7C0F-4410-9147-405C083F4726}.Debug|x86.Build.0 = Debug|Any CPU
		{AD73D136-7C0F-4410-9147-405C083F4726}.Release|Any CPU.ActiveCfg = Release|Any CPU
		{AD73D136-7C0F-4410-9147-405C083F4726}.Release|Any CPU.Build.0 = Release|Any CPU
		{AD73D136-7C0F-4410-9147-405C083F4726}.Release|x64.ActiveCfg = Release|Any CPU
		{AD73D136-7C0F-4410-9147-405C083F4726}.Release|x64.Build.0 = Release|Any CPU
		{AD73D136-7C0F-4410-9147-405C083F4726}.Release|x86.ActiveCfg = Release|Any CPU
		{AD73D136-7C0F-4410-9147-405C083F4726}.Release|x86.Build.0 = Release|Any CPU
		{7053A559-FCEA-4B0F-850A-F549D7B5D857}.Debug|Any CPU.ActiveCfg = Debug|Any CPU
		{7053A559-FCEA-4B0F-850A-F549D7B5D857}.Debug|Any CPU.Build.0 = Debug|Any CPU
		{7053A559-FCEA-4B0F-850A-F549D7B5D857}.Debug|x64.ActiveCfg = Debug|Any CPU
		{7053A559-FCEA-4B0F-850A-F549D7B5D857}.Debug|x64.Build.0 = Debug|Any CPU
		{7053A559-FCEA-4B0F-850A-F549D7B5D857}.Debug|x86.ActiveCfg = Debug|Any CPU
		{7053A559-FCEA-4B0F-850A-F549D7B5D857}.Debug|x86.Build.0 = Debug|Any CPU
		{7053A559-FCEA-4B0F-850A-F549D7B5D857}.Release|Any CPU.ActiveCfg = Release|Any CPU
		{7053A559-FCEA-4B0F-850A-F549D7B5D857}.Release|Any CPU.Build.0 = Release|Any CPU
		{7053A559-FCEA-4B0F-850A-F549D7B5D857}.Release|x64.ActiveCfg = Release|Any CPU
		{7053A559-FCEA-4B0F-850A-F549D7B5D857}.Release|x64.Build.0 = Release|Any CPU
		{7053A559-FCEA-4B0F-850A-F549D7B5D857}.Release|x86.ActiveCfg = Release|Any CPU
		{7053A559-FCEA-4B0F-850A-F549D7B5D857}.Release|x86.Build.0 = Release|Any CPU
		{4D971BA3-F0BB-478B-B8D4-05A3E79010D1}.Debug|Any CPU.ActiveCfg = Debug|Any CPU
		{4D971BA3-F0BB-478B-B8D4-05A3E79010D1}.Debug|Any CPU.Build.0 = Debug|Any CPU
		{4D971BA3-F0BB-478B-B8D4-05A3E79010D1}.Debug|x64.ActiveCfg = Debug|Any CPU
		{4D971BA3-F0BB-478B-B8D4-05A3E79010D1}.Debug|x64.Build.0 = Debug|Any CPU
		{4D971BA3-F0BB-478B-B8D4-05A3E79010D1}.Debug|x86.ActiveCfg = Debug|Any CPU
		{4D971BA3-F0BB-478B-B8D4-05A3E79010D1}.Debug|x86.Build.0 = Debug|Any CPU
		{4D971BA3-F0BB-478B-B8D4-05A3E79010D1}.Release|Any CPU.ActiveCfg = Release|Any CPU
		{4D971BA3-F0BB-478B-B8D4-05A3E79010D1}.Release|Any CPU.Build.0 = Release|Any CPU
		{4D971BA3-F0BB-478B-B8D4-05A3E79010D1}.Release|x64.ActiveCfg = Release|Any CPU
		{4D971BA3-F0BB-478B-B8D4-05A3E79010D1}.Release|x64.Build.0 = Release|Any CPU
		{4D971BA3-F0BB-478B-B8D4-05A3E79010D1}.Release|x86.ActiveCfg = Release|Any CPU
		{4D971BA3-F0BB-478B-B8D4-05A3E79010D1}.Release|x86.Build.0 = Release|Any CPU
		{37074D4B-9DC3-484C-8747-460EE53A9D6F}.Debug|Any CPU.ActiveCfg = Debug|Any CPU
		{37074D4B-9DC3-484C-8747-460EE53A9D6F}.Debug|Any CPU.Build.0 = Debug|Any CPU
		{37074D4B-9DC3-484C-8747-460EE53A9D6F}.Debug|x64.ActiveCfg = Debug|Any CPU
		{37074D4B-9DC3-484C-8747-460EE53A9D6F}.Debug|x64.Build.0 = Debug|Any CPU
		{37074D4B-9DC3-484C-8747-460EE53A9D6F}.Debug|x86.ActiveCfg = Debug|Any CPU
		{37074D4B-9DC3-484C-8747-460EE53A9D6F}.Debug|x86.Build.0 = Debug|Any CPU
		{37074D4B-9DC3-484C-8747-460EE53A9D6F}.Release|Any CPU.ActiveCfg = Release|Any CPU
		{37074D4B-9DC3-484C-8747-460EE53A9D6F}.Release|Any CPU.Build.0 = Release|Any CPU
		{37074D4B-9DC3-484C-8747-460EE53A9D6F}.Release|x64.ActiveCfg = Release|Any CPU
		{37074D4B-9DC3-484C-8747-460EE53A9D6F}.Release|x64.Build.0 = Release|Any CPU
		{37074D4B-9DC3-484C-8747-460EE53A9D6F}.Release|x86.ActiveCfg = Release|Any CPU
		{37074D4B-9DC3-484C-8747-460EE53A9D6F}.Release|x86.Build.0 = Release|Any CPU
	EndGlobalSection
	GlobalSection(SolutionProperties) = preSolution
		HideSolutionNode = FALSE
	EndGlobalSection
	GlobalSection(ExtensibilityGlobals) = postSolution
		SolutionGuid = {F261F159-A6AA-4F59-A74F-D8B06722796C}
	EndGlobalSection
EndGlobal
